
Microsoft Visual Studio Solution File, Format Version 12.00
# Visual Studio Version 17
VisualStudioVersion = 17.6.33712.159
MinimumVisualStudioVersion = 10.0.40219.1
Project("{FAE04EC0-301F-11D3-BF4B-00C04F79EFBC}") = "WebApi", "WebApi\WebApi.csproj", "{7D0595A3-0B13-4BF6-AD1C-820B3761CE5D}"
EndProject
Project("{FAE04EC0-301F-11D3-BF4B-00C04F79EFBC}") = "Persistence", "Persistence\Persistence.csproj", "{318C9B7F-27BD-4EB3-AB92-0A2ACB069339}"
EndProject
Project("{FAE04EC0-301F-11D3-BF4B-00C04F79EFBC}") = "Domain", "Domain\Domain.csproj", "{FBC8CCCF-9A6C-4B89-9049-C5F28E65576A}"
EndProject
Project("{FAE04EC0-301F-11D3-BF4B-00C04F79EFBC}") = "Application", "Application\Application.csproj", "{F87D2422-4EC8-4B91-A02E-D061C812225C}"
EndProject
Project("{FAE04EC0-301F-11D3-BF4B-00C04F79EFBC}") = "Infrastructure", "Infrastructure\Infrastructure.csproj", "{FC443FDE-4DE9-42B5-B4DA-4CB4A0047D68}"
EndProject
Global
	GlobalSection(SolutionConfigurationPlatforms) = preSolution
		Debug|Any CPU = Debug|Any CPU
		Release|Any CPU = Release|Any CPU
	EndGlobalSection
	GlobalSection(ProjectConfigurationPlatforms) = postSolution
		{7D0595A3-0B13-4BF6-AD1C-820B3761CE5D}.Debug|Any CPU.ActiveCfg = Debug|Any CPU
		{7D0595A3-0B13-4BF6-AD1C-820B3761CE5D}.Debug|Any CPU.Build.0 = Debug|Any CPU
		{7D0595A3-0B13-4BF6-AD1C-820B3761CE5D}.Release|Any CPU.ActiveCfg = Release|Any CPU
		{7D0595A3-0B13-4BF6-AD1C-820B3761CE5D}.Release|Any CPU.Build.0 = Release|Any CPU
		{318C9B7F-27BD-4EB3-AB92-0A2ACB069339}.Debug|Any CPU.ActiveCfg = Debug|Any CPU
		{318C9B7F-27BD-4EB3-AB92-0A2ACB069339}.Debug|Any CPU.Build.0 = Debug|Any CPU
		{318C9B7F-27BD-4EB3-AB92-0A2ACB069339}.Release|Any CPU.ActiveCfg = Release|Any CPU
		{318C9B7F-27BD-4EB3-AB92-0A2ACB069339}.Release|Any CPU.Build.0 = Release|Any CPU
		{FBC8CCCF-9A6C-4B89-9049-C5F28E65576A}.Debug|Any CPU.ActiveCfg = Debug|Any CPU
		{FBC8CCCF-9A6C-4B89-9049-C5F28E65576A}.Debug|Any CPU.Build.0 = Debug|Any CPU
		{FBC8CCCF-9A6C-4B89-9049-C5F28E65576A}.Release|Any CPU.ActiveCfg = Release|Any CPU
		{FBC8CCCF-9A6C-4B89-9049-C5F28E65576A}.Release|Any CPU.Build.0 = Release|Any CPU
		{F87D2422-4EC8-4B91-A02E-D061C812225C}.Debug|Any CPU.ActiveCfg = Debug|Any CPU
		{F87D2422-4EC8-4B91-A02E-D061C812225C}.Debug|Any CPU.Build.0 = Debug|Any CPU
		{F87D2422-4EC8-4B91-A02E-D061C812225C}.Release|Any CPU.ActiveCfg = Release|Any CPU
		{F87D2422-4EC8-4B91-A02E-D061C812225C}.Release|Any CPU.Build.0 = Release|Any CPU
		{FC443FDE-4DE9-42B5-B4DA-4CB4A0047D68}.Debug|Any CPU.ActiveCfg = Debug|Any CPU
		{FC443FDE-4DE9-42B5-B4DA-4CB4A0047D68}.Debug|Any CPU.Build.0 = Debug|Any CPU
		{FC443FDE-4DE9-42B5-B4DA-4CB4A0047D68}.Release|Any CPU.ActiveCfg = Release|Any CPU
		{FC443FDE-4DE9-42B5-B4DA-4CB4A0047D68}.Release|Any CPU.Build.0 = Release|Any CPU
	EndGlobalSection
	GlobalSection(SolutionProperties) = preSolution
		HideSolutionNode = FALSE
	EndGlobalSection
	GlobalSection(ExtensibilityGlobals) = postSolution
		SolutionGuid = {962A9E04-D68F-4FF1-80E4-2E596B242638}
	EndGlobalSection
EndGlobal
